// !$*UTF8*$!
{
	archiveVersion = 1;
	classes = {
	};
	objectVersion = 46;
	objects = {

/* Begin PBXBuildFile section */
		C9BB45F61AFCC049006E395F /* AppDelegate.swift in Sources */ = {isa = PBXBuildFile; fileRef = C9BB45F51AFCC049006E395F /* AppDelegate.swift */; };
		C9BB45F81AFCC049006E395F /* ViewController.swift in Sources */ = {isa = PBXBuildFile; fileRef = C9BB45F71AFCC049006E395F /* ViewController.swift */; };
		C9BB45FB1AFCC049006E395F /* Main.storyboard in Resources */ = {isa = PBXBuildFile; fileRef = C9BB45F91AFCC049006E395F /* Main.storyboard */; };
		C9BB45FD1AFCC049006E395F /* Images.xcassets in Resources */ = {isa = PBXBuildFile; fileRef = C9BB45FC1AFCC049006E395F /* Images.xcassets */; };
		C9BB46001AFCC049006E395F /* LaunchScreen.xib in Resources */ = {isa = PBXBuildFile; fileRef = C9BB45FE1AFCC049006E395F /* LaunchScreen.xib */; };
		C9BB460C1AFCC049006E395F /* LimboTests.swift in Sources */ = {isa = PBXBuildFile; fileRef = C9BB460B1AFCC049006E395F /* LimboTests.swift */; };
/* End PBXBuildFile section */

/* Begin PBXContainerItemProxy section */
		C9BB46061AFCC049006E395F /* PBXContainerItemProxy */ = {
			isa = PBXContainerItemProxy;
			containerPortal = C9BB45E81AFCC049006E395F /* Project object */;
			proxyType = 1;
			remoteGlobalIDString = C9BB45EF1AFCC049006E395F;
			remoteInfo = Limbo;
		};
/* End PBXContainerItemProxy section */

/* Begin PBXFileReference section */
		C9BB45F01AFCC049006E395F /* Limbo.app */ = {isa = PBXFileReference; explicitFileType = wrapper.application; includeInIndex = 0; path = Limbo.app; sourceTree = BUILT_PRODUCTS_DIR; };
		C9BB45F41AFCC049006E395F /* Info.plist */ = {isa = PBXFileReference; lastKnownFileType = text.plist.xml; path = Info.plist; sourceTree = "<group>"; };
		C9BB45F51AFCC049006E395F /* AppDelegate.swift */ = {isa = PBXFileReference; lastKnownFileType = sourcecode.swift; path = AppDelegate.swift; sourceTree = "<group>"; };
		C9BB45F71AFCC049006E395F /* ViewController.swift */ = {isa = PBXFileReference; lastKnownFileType = sourcecode.swift; path = ViewController.swift; sourceTree = "<group>"; };
		C9BB45FA1AFCC049006E395F /* Base */ = {isa = PBXFileReference; lastKnownFileType = file.storyboard; name = Base; path = Base.lproj/Main.storyboard; sourceTree = "<group>"; };
		C9BB45FC1AFCC049006E395F /* Images.xcassets */ = {isa = PBXFileReference; lastKnownFileType = folder.assetcatalog; path = Images.xcassets; sourceTree = "<group>"; };
		C9BB45FF1AFCC049006E395F /* Base */ = {isa = PBXFileReference; lastKnownFileType = file.xib; name = Base; path = Base.lproj/LaunchScreen.xib; sourceTree = "<group>"; };
		C9BB46051AFCC049006E395F /* LimboTests.xctest */ = {isa = PBXFileReference; explicitFileType = wrapper.cfbundle; includeInIndex = 0; path = LimboTests.xctest; sourceTree = BUILT_PRODUCTS_DIR; };
		C9BB460A1AFCC049006E395F /* Info.plist */ = {isa = PBXFileReference; lastKnownFileType = text.plist.xml; path = Info.plist; sourceTree = "<group>"; };
		C9BB460B1AFCC049006E395F /* LimboTests.swift */ = {isa = PBXFileReference; lastKnownFileType = sourcecode.swift; path = LimboTests.swift; sourceTree = "<group>"; };
/* End PBXFileReference section */

/* Begin PBXFrameworksBuildPhase section */
		C9BB45ED1AFCC049006E395F /* Frameworks */ = {
			isa = PBXFrameworksBuildPhase;
			buildActionMask = 2147483647;
			files = (
			);
			runOnlyForDeploymentPostprocessing = 0;
		};
		C9BB46021AFCC049006E395F /* Frameworks */ = {
			isa = PBXFrameworksBuildPhase;
			buildActionMask = 2147483647;
			files = (
			);
			runOnlyForDeploymentPostprocessing = 0;
		};
/* End PBXFrameworksBuildPhase section */

/* Begin PBXGroup section */
		C9BB45E71AFCC049006E395F = {
			isa = PBXGroup;
			children = (
				C9BB45F21AFCC049006E395F /* Limbo */,
				C9BB46081AFCC049006E395F /* LimboTests */,
				C9BB45F11AFCC049006E395F /* Products */,
			);
			sourceTree = "<group>";
		};
		C9BB45F11AFCC049006E395F /* Products */ = {
			isa = PBXGroup;
			children = (
				C9BB45F01AFCC049006E395F /* Limbo.app */,
				C9BB46051AFCC049006E395F /* LimboTests.xctest */,
			);
			name = Products;
			sourceTree = "<group>";
		};
		C9BB45F21AFCC049006E395F /* Limbo */ = {
			isa = PBXGroup;
			children = (
				C9BB45F51AFCC049006E395F /* AppDelegate.swift */,
				C9BB45F71AFCC049006E395F /* ViewController.swift */,
				C9BB45F91AFCC049006E395F /* Main.storyboard */,
				C9BB45FC1AFCC049006E395F /* Images.xcassets */,
				C9BB45FE1AFCC049006E395F /* LaunchScreen.xib */,
				C9BB45F31AFCC049006E395F /* Supporting Files */,
			);
			path = Limbo;
			sourceTree = "<group>";
		};
		C9BB45F31AFCC049006E395F /* Supporting Files */ = {
			isa = PBXGroup;
			children = (
				C9BB45F41AFCC049006E395F /* Info.plist */,
			);
			name = "Supporting Files";
			sourceTree = "<group>";
		};
		C9BB46081AFCC049006E395F /* LimboTests */ = {
			isa = PBXGroup;
			children = (
				C9BB460B1AFCC049006E395F /* LimboTests.swift */,
				C9BB46091AFCC049006E395F /* Supporting Files */,
			);
			path = LimboTests;
			sourceTree = "<group>";
		};
		C9BB46091AFCC049006E395F /* Supporting Files */ = {
			isa = PBXGroup;
			children = (
				C9BB460A1AFCC049006E395F /* Info.plist */,
			);
			name = "Supporting Files";
			sourceTree = "<group>";
		};
/* End PBXGroup section */

/* Begin PBXNativeTarget section */
		C9BB45EF1AFCC049006E395F /* Limbo */ = {
			isa = PBXNativeTarget;
			buildConfigurationList = C9BB460F1AFCC049006E395F /* Build configuration list for PBXNativeTarget "Limbo" */;
			buildPhases = (
				C9BB45EC1AFCC049006E395F /* Sources */,
				C9BB45ED1AFCC049006E395F /* Frameworks */,
				C9BB45EE1AFCC049006E395F /* Resources */,
			);
			buildRules = (
			);
			dependencies = (
			);
			name = Limbo;
			productName = Limbo;
			productReference = C9BB45F01AFCC049006E395F /* Limbo.app */;
			productType = "com.apple.product-type.application";
		};
		C9BB46041AFCC049006E395F /* LimboTests */ = {
			isa = PBXNativeTarget;
			buildConfigurationList = C9BB46121AFCC049006E395F /* Build configuration list for PBXNativeTarget "LimboTests" */;
			buildPhases = (
				C9BB46011AFCC049006E395F /* Sources */,
				C9BB46021AFCC049006E395F /* Frameworks */,
				C9BB46031AFCC049006E395F /* Resources */,
			);
			buildRules = (
			);
			dependencies = (
				C9BB46071AFCC049006E395F /* PBXTargetDependency */,
			);
			name = LimboTests;
			productName = LimboTests;
			productReference = C9BB46051AFCC049006E395F /* LimboTests.xctest */;
			productType = "com.apple.product-type.bundle.unit-test";
		};
/* End PBXNativeTarget section */

/* Begin PBXProject section */
		C9BB45E81AFCC049006E395F /* Project object */ = {
			isa = PBXProject;
			attributes = {
				LastUpgradeCheck = 0620;
				ORGANIZATIONNAME = "Neil van Beinum";
				TargetAttributes = {
					C9BB45EF1AFCC049006E395F = {
						CreatedOnToolsVersion = 6.2;
					};
					C9BB46041AFCC049006E395F = {
						CreatedOnToolsVersion = 6.2;
						TestTargetID = C9BB45EF1AFCC049006E395F;
					};
				};
			};
			buildConfigurationList = C9BB45EB1AFCC049006E395F /* Build configuration list for PBXProject "Limbo" */;
			compatibilityVersion = "Xcode 3.2";
			developmentRegion = English;
			hasScannedForEncodings = 0;
			knownRegions = (
				en,
				Base,
			);
			mainGroup = C9BB45E71AFCC049006E395F;
			productRefGroup = C9BB45F11AFCC049006E395F /* Products */;
			projectDirPath = "";
			projectRoot = "";
			targets = (
				C9BB45EF1AFCC049006E395F /* Limbo */,
				C9BB46041AFCC049006E395F /* LimboTests */,
			);
		};
/* End PBXProject section */

/* Begin PBXResourcesBuildPhase section */
		C9BB45EE1AFCC049006E395F /* Resources */ = {
			isa = PBXResourcesBuildPhase;
			buildActionMask = 2147483647;
			files = (
				C9BB45FB1AFCC049006E395F /* Main.storyboard in Resources */,
				C9BB46001AFCC049006E395F /* LaunchScreen.xib in Resources */,
				C9BB45FD1AFCC049006E395F /* Images.xcassets in Resources */,
			);
			runOnlyForDeploymentPostprocessing = 0;
		};
		C9BB46031AFCC049006E395F /* Resources */ = {
			isa = PBXResourcesBuildPhase;
			buildActionMask = 2147483647;
			files = (
			);
			runOnlyForDeploymentPostprocessing = 0;
		};
/* End PBXResourcesBuildPhase section */

/* Begin PBXSourcesBuildPhase section */
		C9BB45EC1AFCC049006E395F /* Sources */ = {
			isa = PBXSourcesBuildPhase;
			buildActionMask = 2147483647;
			files = (
				C9BB45F81AFCC049006E395F /* ViewController.swift in Sources */,
				C9BB45F61AFCC049006E395F /* AppDelegate.swift in Sources */,
			);
			runOnlyForDeploymentPostprocessing = 0;
		};
		C9BB46011AFCC049006E395F /* Sources */ = {
			isa = PBXSourcesBuildPhase;
			buildActionMask = 2147483647;
			files = (
				C9BB460C1AFCC049006E395F /* LimboTests.swift in Sources */,
			);
			runOnlyForDeploymentPostprocessing = 0;
		};
/* End PBXSourcesBuildPhase section */

/* Begin PBXTargetDependency section */
		C9BB46071AFCC049006E395F /* PBXTargetDependency */ = {
			isa = PBXTargetDependency;
			target = C9BB45EF1AFCC049006E395F /* Limbo */;
			targetProxy = C9BB46061AFCC049006E395F /* PBXContainerItemProxy */;
		};
/* End PBXTargetDependency section */

/* Begin PBXVariantGroup section */
		C9BB45F91AFCC049006E395F /* Main.storyboard */ = {
			isa = PBXVariantGroup;
			children = (
				C9BB45FA1AFCC049006E395F /* Base */,
			);
			name = Main.storyboard;
			sourceTree = "<group>";
		};
		C9BB45FE1AFCC049006E395F /* LaunchScreen.xib */ = {
			isa = PBXVariantGroup;
			children = (
				C9BB45FF1AFCC049006E395F /* Base */,
			);
			name = LaunchScreen.xib;
			sourceTree = "<group>";
		};
/* End PBXVariantGroup section */

/* Begin XCBuildConfiguration section */
		C9BB460D1AFCC049006E395F /* Debug */ = {
			isa = XCBuildConfiguration;
			buildSettings = {
				ALWAYS_SEARCH_USER_PATHS = NO;
				CLANG_CXX_LANGUAGE_STANDARD = "gnu++0x";
				CLANG_CXX_LIBRARY = "libc++";
				CLANG_ENABLE_MODULES = YES;
				CLANG_ENABLE_OBJC_ARC = YES;
				CLANG_WARN_BOOL_CONVERSION = YES;
				CLANG_WARN_CONSTANT_CONVERSION = YES;
				CLANG_WARN_DIRECT_OBJC_ISA_USAGE = YES_ERROR;
				CLANG_WARN_EMPTY_BODY = YES;
				CLANG_WARN_ENUM_CONVERSION = YES;
				CLANG_WARN_INT_CONVERSION = YES;
				CLANG_WARN_OBJC_ROOT_CLASS = YES_ERROR;
				CLANG_WARN_UNREACHABLE_CODE = YES;
				CLANG_WARN__DUPLICATE_METHOD_MATCH = YES;
				"CODE_SIGN_IDENTITY[sdk=iphoneos*]" = "iPhone Developer";
				COPY_PHASE_STRIP = NO;
				ENABLE_STRICT_OBJC_MSGSEND = YES;
				GCC_C_LANGUAGE_STANDARD = gnu99;
				GCC_DYNAMIC_NO_PIC = NO;
				GCC_OPTIMIZATION_LEVEL = 0;
				GCC_PREPROCESSOR_DEFINITIONS = (
					"DEBUG=1",
					"$(inherited)",
				);
				GCC_SYMBOLS_PRIVATE_EXTERN = NO;
				GCC_WARN_64_TO_32_BIT_CONVERSION = YES;
				GCC_WARN_ABOUT_RETURN_TYPE = YES_ERROR;
				GCC_WARN_UNDECLARED_SELECTOR = YES;
				GCC_WARN_UNINITIALIZED_AUTOS = YES_AGGRESSIVE;
				GCC_WARN_UNUSED_FUNCTION = YES;
				GCC_WARN_UNUSED_VARIABLE = YES;
				IPHONEOS_DEPLOYMENT_TARGET = 8.2;
				MTL_ENABLE_DEBUG_INFO = YES;
				ONLY_ACTIVE_ARCH = YES;
				SDKROOT = iphoneos;
				SWIFT_OPTIMIZATION_LEVEL = "-Onone";
				TARGETED_DEVICE_FAMILY = "1,2";
			};
			name = Debug;
		};
		C9BB460E1AFCC049006E395F /* Release */ = {
			isa = XCBuildConfiguration;
			buildSettings = {
				ALWAYS_SEARCH_USER_PATHS = NO;
				CLANG_CXX_LANGUAGE_STANDARD = "gnu++0x";
				CLANG_CXX_LIBRARY = "libc++";
				CLANG_ENABLE_MODULES = YES;
				CLANG_ENABLE_OBJC_ARC = YES;
				CLANG_WARN_BOOL_CONVERSION = YES;
				CLANG_WARN_CONSTANT_CONVERSION = YES;
				CLANG_WARN_DIRECT_OBJC_ISA_USAGE = YES_ERROR;
				CLANG_WARN_EMPTY_BODY = YES;
				CLANG_WARN_ENUM_CONVERSION = YES;
				CLANG_WARN_INT_CONVERSION = YES;
				CLANG_WARN_OBJC_ROOT_CLASS = YES_ERROR;
				CLANG_WARN_UNREACHABLE_CODE = YES;
				CLANG_WARN__DUPLICATE_METHOD_MATCH = YES;
				"CODE_SIGN_IDENTITY[sdk=iphoneos*]" = "iPhone Developer";
				COPY_PHASE_STRIP = NO;
				ENABLE_NS_ASSERTIONS = NO;
				ENABLE_STRICT_OBJC_MSGSEND = YES;
				GCC_C_LANGUAGE_STANDARD = gnu99;
				GCC_WARN_64_TO_32_BIT_CONVERSION = YES;
				GCC_WARN_ABOUT_RETURN_TYPE = YES_ERROR;
				GCC_WARN_UNDECLARED_SELECTOR = YES;
				GCC_WARN_UNINITIALIZED_AUTOS = YES_AGGRESSIVE;
				GCC_WARN_UNUSED_FUNCTION = YES;
				GCC_WARN_UNUSED_VARIABLE = YES;
				IPHONEOS_DEPLOYMENT_TARGET = 8.2;
				MTL_ENABLE_DEBUG_INFO = NO;
				SDKROOT = iphoneos;
				TARGETED_DEVICE_FAMILY = "1,2";
				VALIDATE_PRODUCT = YES;
			};
			name = Release;
		};
		C9BB46101AFCC049006E395F /* Debug */ = {
			isa = XCBuildConfiguration;
			buildSettings = {
				ASSETCATALOG_COMPILER_APPICON_NAME = AppIcon;
				INFOPLIST_FILE = Limbo/Info.plist;
				LD_RUNPATH_SEARCH_PATHS = "$(inherited) @executable_path/Frameworks";
				PRODUCT_NAME = "$(TARGET_NAME)";
			};
			name = Debug;
		};
		C9BB46111AFCC049006E395F /* Release */ = {
			isa = XCBuildConfiguration;
			buildSettings = {
				ASSETCATALOG_COMPILER_APPICON_NAME = AppIcon;
				INFOPLIST_FILE = Limbo/Info.plist;
				LD_RUNPATH_SEARCH_PATHS = "$(inherited) @executable_path/Frameworks";
				PRODUCT_NAME = "$(TARGET_NAME)";
			};
			name = Release;
		};
		C9BB46131AFCC049006E395F /* Debug */ = {
			isa = XCBuildConfiguration;
			buildSettings = {
				BUNDLE_LOADER = "$(TEST_HOST)";
				FRAMEWORK_SEARCH_PATHS = (
					"$(SDKROOT)/Developer/Library/Frameworks",
					"$(inherited)",
				);
				GCC_PREPROCESSOR_DEFINITIONS = (
					"DEBUG=1",
					"$(inherited)",
				);
				INFOPLIST_FILE = LimboTests/Info.plist;
				LD_RUNPATH_SEARCH_PATHS = "$(inherited) @executable_path/Frameworks @loader_path/Frameworks";
				PRODUCT_NAME = "$(TARGET_NAME)";
				TEST_HOST = "$(BUILT_PRODUCTS_DIR)/Limbo.app/Limbo";
			};
			name = Debug;
		};
		C9BB46141AFCC049006E395F /* Release */ = {
			isa = XCBuildConfiguration;
			buildSettings = {
				BUNDLE_LOADER = "$(TEST_HOST)";
				FRAMEWORK_SEARCH_PATHS = (
					"$(SDKROOT)/Developer/Library/Frameworks",
					"$(inherited)",
				);
				INFOPLIST_FILE = LimboTests/Info.plist;
				LD_RUNPATH_SEARCH_PATHS = "$(inherited) @executable_path/Frameworks @loader_path/Frameworks";
				PRODUCT_NAME = "$(TARGET_NAME)";
				TEST_HOST = "$(BUILT_PRODUCTS_DIR)/Limbo.app/Limbo";
			};
			name = Release;
		};
/* End XCBuildConfiguration section */

/* Begin XCConfigurationList section */
		C9BB45EB1AFCC049006E395F /* Build configuration list for PBXProject "Limbo" */ = {
			isa = XCConfigurationList;
			buildConfigurations = (
				C9BB460D1AFCC049006E395F /* Debug */,
				C9BB460E1AFCC049006E395F /* Release */,
			);
			defaultConfigurationIsVisible = 0;
			defaultConfigurationName = Release;
		};
		C9BB460F1AFCC049006E395F /* Build configuration list for PBXNativeTarget "Limbo" */ = {
			isa = XCConfigurationList;
			buildConfigurations = (
				C9BB46101AFCC049006E395F /* Debug */,
				C9BB46111AFCC049006E395F /* Release */,
			);
			defaultConfigurationIsVisible = 0;
		};
		C9BB46121AFCC049006E395F /* Build configuration list for PBXNativeTarget "LimboTests" */ = {
			isa = XCConfigurationList;
			buildConfigurations = (
				C9BB46131AFCC049006E395F /* Debug */,
				C9BB46141AFCC049006E395F /* Release */,
			);
			defaultConfigurationIsVisible = 0;
		};
/* End XCConfigurationList section */
	};
	rootObject = C9BB45E81AFCC049006E395F /* Project object */;
}
